
Microsoft Visual Studio Solution File, Format Version 12.00
# Visual Studio 15
VisualStudioVersion = 15.0.26403.7
MinimumVisualStudioVersion = 10.0.40219.1
Project("{FAE04EC0-301F-11D3-BF4B-00C04F79EFBC}") = "webpacktest", "webpacktest\webpacktest.csproj", "{550D3A12-A11F-4E13-83D4-A0196D601342}"
EndProject
Global
	GlobalSection(SolutionConfigurationPlatforms) = preSolution
		Debug|Any CPU = Debug|Any CPU
		Release|Any CPU = Release|Any CPU
	EndGlobalSection
	GlobalSection(ProjectConfigurationPlatforms) = postSolution
		{550D3A12-A11F-4E13-83D4-A0196D601342}.Debug|Any CPU.ActiveCfg = Debug|Any CPU
		{550D3A12-A11F-4E13-83D4-A0196D601342}.Debug|Any CPU.Build.0 = Debug|Any CPU
		{550D3A12-A11F-4E13-83D4-A0196D601342}.Release|Any CPU.ActiveCfg = Release|Any CPU
		{550D3A12-A11F-4E13-83D4-A0196D601342}.Release|Any CPU.Build.0 = Release|Any CPU
	EndGlobalSection
	GlobalSection(SolutionProperties) = preSolution
		HideSolutionNode = FALSE
	EndGlobalSection
EndGlobal
